PODS:
  - Alamofire (4.5.1)
  - FSPagerView (0.7.1)
  - Kingfisher (4.2.0)
  - ObjectMapper (3.0.0)
  - Realm (3.0.1):
    - Realm/Headers (= 3.0.1)
  - Realm/Headers (3.0.1)
  - RealmSwift (3.0.1):
    - Realm (= 3.0.1)
  - SwiftyJSON (3.1.4)

DEPENDENCIES:
  - Alamofire
  - FSPagerView
  - Kingfisher
  - ObjectMapper
  - Realm
  - RealmSwift
  - SwiftyJSON

SPEC CHECKSUMS:
  Alamofire: 2d95912bf4c34f164fdfc335872e8c312acaea4a
  FSPagerView: 958aba39684e1573755ddcfcc29f7eebb8413cee
  Kingfisher: 9ee7e788d8ba07c3f21ce0d43f33cec310a4f781
  ObjectMapper: 92230db59bf8f341a5c3a3cf0b9fbdde3cf0d87f
  Realm: ba6144c74f835f7497791f6599d63a7755377b83
  RealmSwift: 7d13b1ac4b6022a13f841e3143e7789c9e40ad0d
  SwiftyJSON: c2842d878f95482ffceec5709abc3d05680c0220

PODFILE CHECKSUM: 98d83552bcf8d61b2ea82158640af114617ddf10

COCOAPODS: 1.2.0
